
Microsoft Visual Studio Solution File, Format Version 12.00
# Visual Studio Version 17
VisualStudioVersion = 17.9.34728.123
MinimumVisualStudioVersion = 10.0.40219.1
Project("{9A19103F-16F7-4668-BE54-9A1E7A4F7556}") = "BoutiqueManga.API", "BoutiqueManga\BoutiqueManga.API.csproj", "{36944116-D139-47B7-B623-B0C23571F77A}"
EndProject
Project("{00D1A9C2-B5F0-4AF3-8072-F6C62B433612}") = "BoutiqueManga.DB", "BoutiqueManga.DB\BoutiqueManga.DB.sqlproj", "{0E1B9A69-983E-4013-A539-F46E9A0E7327}"
EndProject
Project("{FAE04EC0-301F-11D3-BF4B-00C04F79EFBC}") = "BoutiqueManga.DAL", "BoutiqueManga.DAL\BoutiqueManga.DAL.csproj", "{F025D1AB-8CED-4320-8A2C-817E38E485B1}"
EndProject
Project("{FAE04EC0-301F-11D3-BF4B-00C04F79EFBC}") = "BoutiqueManga.BLL", "BoutiqueManga.BLL\BoutiqueManga.BLL.csproj", "{64833BD5-26C3-4067-AA09-A2D8EFA2EEE1}"
EndProject
Global
	GlobalSection(SolutionConfigurationPlatforms) = preSolution
		Debug|Any CPU = Debug|Any CPU
		Release|Any CPU = Release|Any CPU
	EndGlobalSection
	GlobalSection(ProjectConfigurationPlatforms) = postSolution
		{36944116-D139-47B7-B623-B0C23571F77A}.Debug|Any CPU.ActiveCfg = Debug|Any CPU
		{36944116-D139-47B7-B623-B0C23571F77A}.Debug|Any CPU.Build.0 = Debug|Any CPU
		{36944116-D139-47B7-B623-B0C23571F77A}.Release|Any CPU.ActiveCfg = Release|Any CPU
		{36944116-D139-47B7-B623-B0C23571F77A}.Release|Any CPU.Build.0 = Release|Any CPU
		{0E1B9A69-983E-4013-A539-F46E9A0E7327}.Debug|Any CPU.ActiveCfg = Debug|Any CPU
		{0E1B9A69-983E-4013-A539-F46E9A0E7327}.Debug|Any CPU.Build.0 = Debug|Any CPU
		{0E1B9A69-983E-4013-A539-F46E9A0E7327}.Debug|Any CPU.Deploy.0 = Debug|Any CPU
		{0E1B9A69-983E-4013-A539-F46E9A0E7327}.Release|Any CPU.ActiveCfg = Release|Any CPU
		{0E1B9A69-983E-4013-A539-F46E9A0E7327}.Release|Any CPU.Build.0 = Release|Any CPU
		{0E1B9A69-983E-4013-A539-F46E9A0E7327}.Release|Any CPU.Deploy.0 = Release|Any CPU
		{F025D1AB-8CED-4320-8A2C-817E38E485B1}.Debug|Any CPU.ActiveCfg = Debug|Any CPU
		{F025D1AB-8CED-4320-8A2C-817E38E485B1}.Debug|Any CPU.Build.0 = Debug|Any CPU
		{F025D1AB-8CED-4320-8A2C-817E38E485B1}.Release|Any CPU.ActiveCfg = Release|Any CPU
		{F025D1AB-8CED-4320-8A2C-817E38E485B1}.Release|Any CPU.Build.0 = Release|Any CPU
		{64833BD5-26C3-4067-AA09-A2D8EFA2EEE1}.Debug|Any CPU.ActiveCfg = Debug|Any CPU
		{64833BD5-26C3-4067-AA09-A2D8EFA2EEE1}.Debug|Any CPU.Build.0 = Debug|Any CPU
		{64833BD5-26C3-4067-AA09-A2D8EFA2EEE1}.Release|Any CPU.ActiveCfg = Release|Any CPU
		{64833BD5-26C3-4067-AA09-A2D8EFA2EEE1}.Release|Any CPU.Build.0 = Release|Any CPU
	EndGlobalSection
	GlobalSection(SolutionProperties) = preSolution
		HideSolutionNode = FALSE
	EndGlobalSection
	GlobalSection(ExtensibilityGlobals) = postSolution
		SolutionGuid = {364EAF3D-2453-4B93-82DA-D0D9B14273D6}
	EndGlobalSection
EndGlobal
